
Microsoft Visual Studio Solution File, Format Version 12.00
# Visual Studio Version 17
VisualStudioVersion = 17.5.33424.131
MinimumVisualStudioVersion = 10.0.40219.1
Project("{FAE04EC0-301F-11D3-BF4B-00C04F79EFBC}") = "NZWalks.API", "NZWalks.API\NZWalks.API.csproj", "{358F36B2-2CBB-4844-8488-5C94D227A2D5}"
EndProject
Global
	GlobalSection(SolutionConfigurationPlatforms) = preSolution
		Debug|Any CPU = Debug|Any CPU
		Release|Any CPU = Release|Any CPU
	EndGlobalSection
	GlobalSection(ProjectConfigurationPlatforms) = postSolution
		{358F36B2-2CBB-4844-8488-5C94D227A2D5}.Debug|Any CPU.ActiveCfg = Debug|Any CPU
		{358F36B2-2CBB-4844-8488-5C94D227A2D5}.Debug|Any CPU.Build.0 = Debug|Any CPU
		{358F36B2-2CBB-4844-8488-5C94D227A2D5}.Release|Any CPU.ActiveCfg = Release|Any CPU
		{358F36B2-2CBB-4844-8488-5C94D227A2D5}.Release|Any CPU.Build.0 = Release|Any CPU
	EndGlobalSection
	GlobalSection(SolutionProperties) = preSolution
		HideSolutionNode = FALSE
	EndGlobalSection
	GlobalSection(ExtensibilityGlobals) = postSolution
		SolutionGuid = {E73141AD-A818-417B-B54D-B28DA66532E2}
	EndGlobalSection
EndGlobal
